
Microsoft Visual Studio Solution File, Format Version 12.00
# Visual Studio Version 16
VisualStudioVersion = 16.0.31129.286
MinimumVisualStudioVersion = 10.0.40219.1
Project("{FAE04EC0-301F-11D3-BF4B-00C04F79EFBC}") = "Feladatnyilvantarto_Takacs_Sandor", "Feladatnyilvantarto_Takacs_Sandor\Feladatnyilvantarto_Takacs_Sandor.csproj", "{834F9556-8E43-4647-BB65-8B12FD94556A}"
EndProject
Global
	GlobalSection(SolutionConfigurationPlatforms) = preSolution
		Debug|Any CPU = Debug|Any CPU
		Release|Any CPU = Release|Any CPU
	EndGlobalSection
	GlobalSection(ProjectConfigurationPlatforms) = postSolution
		{834F9556-8E43-4647-BB65-8B12FD94556A}.Debug|Any CPU.ActiveCfg = Debug|Any CPU
		{834F9556-8E43-4647-BB65-8B12FD94556A}.Debug|Any CPU.Build.0 = Debug|Any CPU
		{834F9556-8E43-4647-BB65-8B12FD94556A}.Release|Any CPU.ActiveCfg = Release|Any CPU
		{834F9556-8E43-4647-BB65-8B12FD94556A}.Release|Any CPU.Build.0 = Release|Any CPU
	EndGlobalSection
	GlobalSection(SolutionProperties) = preSolution
		HideSolutionNode = FALSE
	EndGlobalSection
	GlobalSection(ExtensibilityGlobals) = postSolution
		SolutionGuid = {123A82F5-ED46-40EF-AF50-FBD970BF0A83}
	EndGlobalSection
EndGlobal
